{
    "_meta": {
        "hash": {
            "sha256": "b016927c7ce3a7dc8c43c14743154b3e815b66618efdcbc1f77a873c3e08ae7f"
        },
        "pipfile-spec": 6,
        "requires": {
            "python_version": "3.13"
        },
        "sources": [
            {
                "name": "pypi",
                "url": "https://pypi.org/simple",
                "verify_ssl": true
            }
        ]
    },
    "default": {
        "multipledispatch": {
            "hashes": [
                "sha256:0c53cd8b077546da4e48869f49b13164bebafd0c2a5afceb6bb6a316e7fb46e4",
                "sha256:5c839915465c68206c3e9c473357908216c28383b425361e5d144594bf85a7e0"
            ],
            "index": "pypi",
            "version": "==1.0.0"
        }
    },
    "develop": {}
}
